// !$*UTF8*$!
{
	archiveVersion = 1;
	classes = {
	};
	objectVersion = 50;
	objects = {

/* Begin PBXBuildFile section */
		687D08AB20AF510D00F9E3CF /* AppDelegate.swift in Sources */ = {isa = PBXBuildFile; fileRef = 687D08AA20AF510D00F9E3CF /* AppDelegate.swift */; };
		687D08AD20AF510E00F9E3CF /* ViewController.swift in Sources */ = {isa = PBXBuildFile; fileRef = 687D08AC20AF510E00F9E3CF /* ViewController.swift */; };
		687D08B020AF510E00F9E3CF /* Main.storyboard in Resources */ = {isa = PBXBuildFile; fileRef = 687D08AE20AF510E00F9E3CF /* Main.storyboard */; };
		687D08B320AF510E00F9E3CF /* ChordTools.xcdatamodeld in Sources */ = {isa = PBXBuildFile; fileRef = 687D08B120AF510E00F9E3CF /* ChordTools.xcdatamodeld */; };
		687D08B520AF510F00F9E3CF /* Assets.xcassets in Resources */ = {isa = PBXBuildFile; fileRef = 687D08B420AF510F00F9E3CF /* Assets.xcassets */; };
		687D08B820AF510F00F9E3CF /* LaunchScreen.storyboard in Resources */ = {isa = PBXBuildFile; fileRef = 687D08B620AF510F00F9E3CF /* LaunchScreen.storyboard */; };
		687D08C020AF588800F9E3CF /* Notes.swift in Sources */ = {isa = PBXBuildFile; fileRef = 687D08BF20AF588800F9E3CF /* Notes.swift */; };
		687D08C220B2FD7A00F9E3CF /* Chords.swift in Sources */ = {isa = PBXBuildFile; fileRef = 687D08C120B2FD7A00F9E3CF /* Chords.swift */; };
/* End PBXBuildFile section */

/* Begin PBXFileReference section */
		687D08A720AF510D00F9E3CF /* ChordTools.app */ = {isa = PBXFileReference; explicitFileType = wrapper.application; includeInIndex = 0; path = ChordTools.app; sourceTree = BUILT_PRODUCTS_DIR; };
		687D08AA20AF510D00F9E3CF /* AppDelegate.swift */ = {isa = PBXFileReference; lastKnownFileType = sourcecode.swift; path = AppDelegate.swift; sourceTree = "<group>"; };
		687D08AC20AF510E00F9E3CF /* ViewController.swift */ = {isa = PBXFileReference; lastKnownFileType = sourcecode.swift; path = ViewController.swift; sourceTree = "<group>"; };
		687D08AF20AF510E00F9E3CF /* Base */ = {isa = PBXFileReference; lastKnownFileType = file.storyboard; name = Base; path = Base.lproj/Main.storyboard; sourceTree = "<group>"; };
		687D08B220AF510E00F9E3CF /* ChordTools.xcdatamodel */ = {isa = PBXFileReference; lastKnownFileType = wrapper.xcdatamodel; path = ChordTools.xcdatamodel; sourceTree = "<group>"; };
		687D08B420AF510F00F9E3CF /* Assets.xcassets */ = {isa = PBXFileReference; lastKnownFileType = folder.assetcatalog; path = Assets.xcassets; sourceTree = "<group>"; };
		687D08B720AF510F00F9E3CF /* Base */ = {isa = PBXFileReference; lastKnownFileType = file.storyboard; name = Base; path = Base.lproj/LaunchScreen.storyboard; sourceTree = "<group>"; };
		687D08B920AF510F00F9E3CF /* Info.plist */ = {isa = PBXFileReference; lastKnownFileType = text.plist.xml; path = Info.plist; sourceTree = "<group>"; };
		687D08BF20AF588800F9E3CF /* Notes.swift */ = {isa = PBXFileReference; fileEncoding = 4; lastKnownFileType = sourcecode.swift; path = Notes.swift; sourceTree = "<group>"; };
		687D08C120B2FD7A00F9E3CF /* Chords.swift */ = {isa = PBXFileReference; lastKnownFileType = sourcecode.swift; path = Chords.swift; sourceTree = "<group>"; };
/* End PBXFileReference section */

/* Begin PBXFrameworksBuildPhase section */
		687D08A420AF510D00F9E3CF /* Frameworks */ = {
			isa = PBXFrameworksBuildPhase;
			buildActionMask = 2147483647;
			files = (
			);
			runOnlyForDeploymentPostprocessing = 0;
		};
/* End PBXFrameworksBuildPhase section */

/* Begin PBXGroup section */
		687D089E20AF510D00F9E3CF = {
			isa = PBXGroup;
			children = (
				687D08A920AF510D00F9E3CF /* ChordTools */,
				687D08A820AF510D00F9E3CF /* Products */,
			);
			sourceTree = "<group>";
		};
		687D08A820AF510D00F9E3CF /* Products */ = {
			isa = PBXGroup;
			children = (
				687D08A720AF510D00F9E3CF /* ChordTools.app */,
			);
			name = Products;
			sourceTree = "<group>";
		};
		687D08A920AF510D00F9E3CF /* ChordTools */ = {
			isa = PBXGroup;
			children = (
				687D08AA20AF510D00F9E3CF /* AppDelegate.swift */,
				687D08AC20AF510E00F9E3CF /* ViewController.swift */,
				687D08BF20AF588800F9E3CF /* Notes.swift */,
				687D08C120B2FD7A00F9E3CF /* Chords.swift */,
				687D08AE20AF510E00F9E3CF /* Main.storyboard */,
				687D08B420AF510F00F9E3CF /* Assets.xcassets */,
				687D08B620AF510F00F9E3CF /* LaunchScreen.storyboard */,
				687D08B920AF510F00F9E3CF /* Info.plist */,
				687D08B120AF510E00F9E3CF /* ChordTools.xcdatamodeld */,
			);
			path = ChordTools;
			sourceTree = "<group>";
		};
/* End PBXGroup section */

/* Begin PBXNativeTarget section */
		687D08A620AF510D00F9E3CF /* ChordTools */ = {
			isa = PBXNativeTarget;
			buildConfigurationList = 687D08BC20AF510F00F9E3CF /* Build configuration list for PBXNativeTarget "ChordTools" */;
			buildPhases = (
				687D08A320AF510D00F9E3CF /* Sources */,
				687D08A420AF510D00F9E3CF /* Frameworks */,
				687D08A520AF510D00F9E3CF /* Resources */,
			);
			buildRules = (
			);
			dependencies = (
			);
			name = ChordTools;
			productName = ChordTools;
			productReference = 687D08A720AF510D00F9E3CF /* ChordTools.app */;
			productType = "com.apple.product-type.application";
		};
/* End PBXNativeTarget section */

/* Begin PBXProject section */
		687D089F20AF510D00F9E3CF /* Project object */ = {
			isa = PBXProject;
			attributes = {
				LastSwiftUpdateCheck = 0930;
				LastUpgradeCheck = 0930;
				ORGANIZATIONNAME = 9bit.co;
				TargetAttributes = {
					687D08A620AF510D00F9E3CF = {
						CreatedOnToolsVersion = 9.3.1;
					};
				};
			};
			buildConfigurationList = 687D08A220AF510D00F9E3CF /* Build configuration list for PBXProject "ChordTools" */;
			compatibilityVersion = "Xcode 9.3";
			developmentRegion = en;
			hasScannedForEncodings = 0;
			knownRegions = (
				en,
				Base,
			);
			mainGroup = 687D089E20AF510D00F9E3CF;
			productRefGroup = 687D08A820AF510D00F9E3CF /* Products */;
			projectDirPath = "";
			projectRoot = "";
			targets = (
				687D08A620AF510D00F9E3CF /* ChordTools */,
			);
		};
/* End PBXProject section */

/* Begin PBXResourcesBuildPhase section */
		687D08A520AF510D00F9E3CF /* Resources */ = {
			isa = PBXResourcesBuildPhase;
			buildActionMask = 2147483647;
			files = (
				687D08B820AF510F00F9E3CF /* LaunchScreen.storyboard in Resources */,
				687D08B520AF510F00F9E3CF /* Assets.xcassets in Resources */,
				687D08B020AF510E00F9E3CF /* Main.storyboard in Resources */,
			);
			runOnlyForDeploymentPostprocessing = 0;
		};
/* End PBXResourcesBuildPhase section */

/* Begin PBXSourcesBuildPhase section */
		687D08A320AF510D00F9E3CF /* Sources */ = {
			isa = PBXSourcesBuildPhase;
			buildActionMask = 2147483647;
			files = (
				687D08AD20AF510E00F9E3CF /* ViewController.swift in Sources */,
				687D08C220B2FD7A00F9E3CF /* Chords.swift in Sources */,
				687D08AB20AF510D00F9E3CF /* AppDelegate.swift in Sources */,
				687D08B320AF510E00F9E3CF /* ChordTools.xcdatamodeld in Sources */,
				687D08C020AF588800F9E3CF /* Notes.swift in Sources */,
			);
			runOnlyForDeploymentPostprocessing = 0;
		};
/* End PBXSourcesBuildPhase section */

/* Begin PBXVariantGroup section */
		687D08AE20AF510E00F9E3CF /* Main.storyboard */ = {
			isa = PBXVariantGroup;
			children = (
				687D08AF20AF510E00F9E3CF /* Base */,
			);
			name = Main.storyboard;
			sourceTree = "<group>";
		};
		687D08B620AF510F00F9E3CF /* LaunchScreen.storyboard */ = {
			isa = PBXVariantGroup;
			children = (
				687D08B720AF510F00F9E3CF /* Base */,
			);
			name = LaunchScreen.storyboard;
			sourceTree = "<group>";
		};
/* End PBXVariantGroup section */

/* Begin XCBuildConfiguration section */
		687D08BA20AF510F00F9E3CF /* Debug */ = {
			isa = XCBuildConfiguration;
			buildSettings = {
				ALWAYS_SEARCH_USER_PATHS = NO;
				CLANG_ANALYZER_NONNULL = YES;
				CLANG_ANALYZER_NUMBER_OBJECT_CONVERSION = YES_AGGRESSIVE;
				CLANG_CXX_LANGUAGE_STANDARD = "gnu++14";
				CLANG_CXX_LIBRARY = "libc++";
				CLANG_ENABLE_MODULES = YES;
				CLANG_ENABLE_OBJC_ARC = YES;
				CLANG_ENABLE_OBJC_WEAK = YES;
				CLANG_WARN_BLOCK_CAPTURE_AUTORELEASING = YES;
				CLANG_WARN_BOOL_CONVERSION = YES;
				CLANG_WARN_COMMA = YES;
				CLANG_WARN_CONSTANT_CONVERSION = YES;
				CLANG_WARN_DEPRECATED_OBJC_IMPLEMENTATIONS = YES;
				CLANG_WARN_DIRECT_OBJC_ISA_USAGE = YES_ERROR;
				CLANG_WARN_DOCUMENTATION_COMMENTS = YES;
				CLANG_WARN_EMPTY_BODY = YES;
				CLANG_WARN_ENUM_CONVERSION = YES;
				CLANG_WARN_INFINITE_RECURSION = YES;
				CLANG_WARN_INT_CONVERSION = YES;
				CLANG_WARN_NON_LITERAL_NULL_CONVERSION = YES;
				CLANG_WARN_OBJC_IMPLICIT_RETAIN_SELF = YES;
				CLANG_WARN_OBJC_LITERAL_CONVERSION = YES;
				CLANG_WARN_OBJC_ROOT_CLASS = YES_ERROR;
				CLANG_WARN_RANGE_LOOP_ANALYSIS = YES;
				CLANG_WARN_STRICT_PROTOTYPES = YES;
				CLANG_WARN_SUSPICIOUS_MOVE = YES;
				CLANG_WARN_UNGUARDED_AVAILABILITY = YES_AGGRESSIVE;
				CLANG_WARN_UNREACHABLE_CODE = YES;
				CLANG_WARN__DUPLICATE_METHOD_MATCH = YES;
				CODE_SIGN_IDENTITY = "iPhone Developer";
				COPY_PHASE_STRIP = NO;
				DEBUG_INFORMATION_FORMAT = dwarf;
				ENABLE_STRICT_OBJC_MSGSEND = YES;
				ENABLE_TESTABILITY = YES;
				GCC_C_LANGUAGE_STANDARD = gnu11;
				GCC_DYNAMIC_NO_PIC = NO;
				GCC_NO_COMMON_BLOCKS = YES;
				GCC_OPTIMIZATION_LEVEL = 0;
				GCC_PREPROCESSOR_DEFINITIONS = (
					"DEBUG=1",
					"$(inherited)",
				);
				GCC_WARN_64_TO_32_BIT_CONVERSION = YES;
				GCC_WARN_ABOUT_RETURN_TYPE = YES_ERROR;
				GCC_WARN_UNDECLARED_SELECTOR = YES;
				GCC_WARN_UNINITIALIZED_AUTOS = YES_AGGRESSIVE;
				GCC_WARN_UNUSED_FUNCTION = YES;
				GCC_WARN_UNUSED_VARIABLE = YES;
				IPHONEOS_DEPLOYMENT_TARGET = 10.0;
				MTL_ENABLE_DEBUG_INFO = YES;
				ONLY_ACTIVE_ARCH = YES;
				SDKROOT = iphoneos;
				SWIFT_ACTIVE_COMPILATION_CONDITIONS = DEBUG;
				SWIFT_OPTIMIZATION_LEVEL = "-Onone";
			};
			name = Debug;
		};
		687D08BB20AF510F00F9E3CF /* Release */ = {
			isa = XCBuildConfiguration;
			buildSettings = {
				ALWAYS_SEARCH_USER_PATHS = NO;
				CLANG_ANALYZER_NONNULL = YES;
				CLANG_ANALYZER_NUMBER_OBJECT_CONVERSION = YES_AGGRESSIVE;
				CLANG_CXX_LANGUAGE_STANDARD = "gnu++14";
				CLANG_CXX_LIBRARY = "libc++";
				CLANG_ENABLE_MODULES = YES;
				CLANG_ENABLE_OBJC_ARC = YES;
				CLANG_ENABLE_OBJC_WEAK = YES;
				CLANG_WARN_BLOCK_CAPTURE_AUTORELEASING = YES;
				CLANG_WARN_BOOL_CONVERSION = YES;
				CLANG_WARN_COMMA = YES;
				CLANG_WARN_CONSTANT_CONVERSION = YES;
				CLANG_WARN_DEPRECATED_OBJC_IMPLEMENTATIONS = YES;
				CLANG_WARN_DIRECT_OBJC_ISA_USAGE = YES_ERROR;
				CLANG_WARN_DOCUMENTATION_COMMENTS = YES;
				CLANG_WARN_EMPTY_BODY = YES;
				CLANG_WARN_ENUM_CONVERSION = YES;
				CLANG_WARN_INFINITE_RECURSION = YES;
				CLANG_WARN_INT_CONVERSION = YES;
				CLANG_WARN_NON_LITERAL_NULL_CONVERSION = YES;
				CLANG_WARN_OBJC_IMPLICIT_RETAIN_SELF = YES;
				CLANG_WARN_OBJC_LITERAL_CONVERSION = YES;
				CLANG_WARN_OBJC_ROOT_CLASS = YES_ERROR;
				CLANG_WARN_RANGE_LOOP_ANALYSIS = YES;
				CLANG_WARN_STRICT_PROTOTYPES = YES;
				CLANG_WARN_SUSPICIOUS_MOVE = YES;
				CLANG_WARN_UNGUARDED_AVAILABILITY = YES_AGGRESSIVE;
				CLANG_WARN_UNREACHABLE_CODE = YES;
				CLANG_WARN__DUPLICATE_METHOD_MATCH = YES;
				CODE_SIGN_IDENTITY = "iPhone Developer";
				COPY_PHASE_STRIP = NO;
				DEBUG_INFORMATION_FORMAT = "dwarf-with-dsym";
				ENABLE_NS_ASSERTIONS = NO;
				ENABLE_STRICT_OBJC_MSGSEND = YES;
				GCC_C_LANGUAGE_STANDARD = gnu11;
				GCC_NO_COMMON_BLOCKS = YES;
				GCC_WARN_64_TO_32_BIT_CONVERSION = YES;
				GCC_WARN_ABOUT_RETURN_TYPE = YES_ERROR;
				GCC_WARN_UNDECLARED_SELECTOR = YES;
				GCC_WARN_UNINITIALIZED_AUTOS = YES_AGGRESSIVE;
				GCC_WARN_UNUSED_FUNCTION = YES;
				GCC_WARN_UNUSED_VARIABLE = YES;
				IPHONEOS_DEPLOYMENT_TARGET = 10.0;
				MTL_ENABLE_DEBUG_INFO = NO;
				SDKROOT = iphoneos;
				SWIFT_COMPILATION_MODE = wholemodule;
				SWIFT_OPTIMIZATION_LEVEL = "-O";
				VALIDATE_PRODUCT = YES;
			};
			name = Release;
		};
		687D08BD20AF510F00F9E3CF /* Debug */ = {
			isa = XCBuildConfiguration;
			buildSettings = {
				ASSETCATALOG_COMPILER_APPICON_NAME = AppIcon;
				CODE_SIGN_STYLE = Automatic;
				DEVELOPMENT_TEAM = W27869H45N;
				INFOPLIST_FILE = ChordTools/Info.plist;
				LD_RUNPATH_SEARCH_PATHS = (
					"$(inherited)",
					"@executable_path/Frameworks",
				);
				PRODUCT_BUNDLE_IDENTIFIER = "-bit.ChordTools";
				PRODUCT_NAME = "$(TARGET_NAME)";
				SWIFT_VERSION = 4.0;
				TARGETED_DEVICE_FAMILY = "1,2";
			};
			name = Debug;
		};
		687D08BE20AF510F00F9E3CF /* Release */ = {
			isa = XCBuildConfiguration;
			buildSettings = {
				ASSETCATALOG_COMPILER_APPICON_NAME = AppIcon;
				CODE_SIGN_STYLE = Automatic;
				DEVELOPMENT_TEAM = W27869H45N;
				INFOPLIST_FILE = ChordTools/Info.plist;
				LD_RUNPATH_SEARCH_PATHS = (
					"$(inherited)",
					"@executable_path/Frameworks",
				);
				PRODUCT_BUNDLE_IDENTIFIER = "-bit.ChordTools";
				PRODUCT_NAME = "$(TARGET_NAME)";
				SWIFT_VERSION = 4.0;
				TARGETED_DEVICE_FAMILY = "1,2";
			};
			name = Release;
		};
/* End XCBuildConfiguration section */

/* Begin XCConfigurationList section */
		687D08A220AF510D00F9E3CF /* Build configuration list for PBXProject "ChordTools" */ = {
			isa = XCConfigurationList;
			buildConfigurations = (
				687D08BA20AF510F00F9E3CF /* Debug */,
				687D08BB20AF510F00F9E3CF /* Release */,
			);
			defaultConfigurationIsVisible = 0;
			defaultConfigurationName = Release;
		};
		687D08BC20AF510F00F9E3CF /* Build configuration list for PBXNativeTarget "ChordTools" */ = {
			isa = XCConfigurationList;
			buildConfigurations = (
				687D08BD20AF510F00F9E3CF /* Debug */,
				687D08BE20AF510F00F9E3CF /* Release */,
			);
			defaultConfigurationIsVisible = 0;
			defaultConfigurationName = Release;
		};
/* End XCConfigurationList section */

/* Begin XCVersionGroup section */
		687D08B120AF510E00F9E3CF /* ChordTools.xcdatamodeld */ = {
			isa = XCVersionGroup;
			children = (
				687D08B220AF510E00F9E3CF /* ChordTools.xcdatamodel */,
			);
			currentVersion = 687D08B220AF510E00F9E3CF /* ChordTools.xcdatamodel */;
			path = ChordTools.xcdatamodeld;
			sourceTree = "<group>";
			versionGroupType = wrapper.xcdatamodel;
		};
/* End XCVersionGroup section */
	};
	rootObject = 687D089F20AF510D00F9E3CF /* Project object */;
}
